
Microsoft Visual Studio Solution File, Format Version 12.00
# Visual Studio Version 17
VisualStudioVersion = 17.4.33103.184
MinimumVisualStudioVersion = 10.0.40219.1
Project("{FAE04EC0-301F-11D3-BF4B-00C04F79EFBC}") = "Pseletivo", "Pseletivo\Pseletivo.csproj", "{55229239-861A-4BD7-B56D-4A78B4D43E3D}"
EndProject
Project("{2150E333-8FDC-42A3-9474-1A3956D46DE8}") = "Itens de Solução", "Itens de Solução", "{095AE910-3052-4654-A7EB-A16ACD92017E}"
	ProjectSection(SolutionItems) = preProject
		Class1.cs = Class1.cs
	EndProjectSection
EndProject
Global
	GlobalSection(SolutionConfigurationPlatforms) = preSolution
		Debug|Any CPU = Debug|Any CPU
		Release|Any CPU = Release|Any CPU
	EndGlobalSection
	GlobalSection(ProjectConfigurationPlatforms) = postSolution
		{55229239-861A-4BD7-B56D-4A78B4D43E3D}.Debug|Any CPU.ActiveCfg = Debug|Any CPU
		{55229239-861A-4BD7-B56D-4A78B4D43E3D}.Debug|Any CPU.Build.0 = Debug|Any CPU
		{55229239-861A-4BD7-B56D-4A78B4D43E3D}.Release|Any CPU.ActiveCfg = Release|Any CPU
		{55229239-861A-4BD7-B56D-4A78B4D43E3D}.Release|Any CPU.Build.0 = Release|Any CPU
	EndGlobalSection
	GlobalSection(SolutionProperties) = preSolution
		HideSolutionNode = FALSE
	EndGlobalSection
	GlobalSection(ExtensibilityGlobals) = postSolution
		SolutionGuid = {C9AFD49F-E2D6-4FCE-811F-1C6B8BB9F898}
	EndGlobalSection
EndGlobal
